
Microsoft Visual Studio Solution File, Format Version 12.00
# Visual Studio Version 17
VisualStudioVersion = 17.9.34902.65
MinimumVisualStudioVersion = 10.0.40219.1
Project("{8BC9CEB8-8B4A-11D0-8D11-00A0C91BC942}") = "Print_container", "Print_container\Print_container.vcxproj", "{D4C05A69-B993-4876-8A89-45E56A8E0770}"
EndProject
Global
	GlobalSection(SolutionConfigurationPlatforms) = preSolution
		Debug|x64 = Debug|x64
		Debug|x86 = Debug|x86
		Release|x64 = Release|x64
		Release|x86 = Release|x86
	EndGlobalSection
	GlobalSection(ProjectConfigurationPlatforms) = postSolution
		{D4C05A69-B993-4876-8A89-45E56A8E0770}.Debug|x64.ActiveCfg = Debug|x64
		{D4C05A69-B993-4876-8A89-45E56A8E0770}.Debug|x64.Build.0 = Debug|x64
		{D4C05A69-B993-4876-8A89-45E56A8E0770}.Debug|x86.ActiveCfg = Debug|Win32
		{D4C05A69-B993-4876-8A89-45E56A8E0770}.Debug|x86.Build.0 = Debug|Win32
		{D4C05A69-B993-4876-8A89-45E56A8E0770}.Release|x64.ActiveCfg = Release|x64
		{D4C05A69-B993-4876-8A89-45E56A8E0770}.Release|x64.Build.0 = Release|x64
		{D4C05A69-B993-4876-8A89-45E56A8E0770}.Release|x86.ActiveCfg = Release|Win32
		{D4C05A69-B993-4876-8A89-45E56A8E0770}.Release|x86.Build.0 = Release|Win32
	EndGlobalSection
	GlobalSection(SolutionProperties) = preSolution
		HideSolutionNode = FALSE
	EndGlobalSection
	GlobalSection(ExtensibilityGlobals) = postSolution
		SolutionGuid = {E36F0514-1366-4D9F-9DEE-E5F4BBCFE112}
	EndGlobalSection
EndGlobal
